
Microsoft Visual Studio Solution File, Format Version 12.00
# Visual Studio Version 17
VisualStudioVersion = 17.6.33829.357
MinimumVisualStudioVersion = 10.0.40219.1
Project("{9A19103F-16F7-4668-BE54-9A1E7A4F7556}") = "JogoDaVelha", "NovoJogoDaVelha\JogoDaVelha.csproj", "{F17DF37C-3683-42F2-859B-8ADF4FB5E35E}"
EndProject
Project("{9A19103F-16F7-4668-BE54-9A1E7A4F7556}") = "TestGame", "TestGame\TestGame.csproj", "{6F0C6F14-E5B7-4C18-8828-B77C936187BB}"
EndProject
Global
	GlobalSection(SolutionConfigurationPlatforms) = preSolution
		Debug|Any CPU = Debug|Any CPU
		Release|Any CPU = Release|Any CPU
	EndGlobalSection
	GlobalSection(ProjectConfigurationPlatforms) = postSolution
		{F17DF37C-3683-42F2-859B-8ADF4FB5E35E}.Debug|Any CPU.ActiveCfg = Debug|Any CPU
		{F17DF37C-3683-42F2-859B-8ADF4FB5E35E}.Debug|Any CPU.Build.0 = Debug|Any CPU
		{F17DF37C-3683-42F2-859B-8ADF4FB5E35E}.Release|Any CPU.ActiveCfg = Release|Any CPU
		{F17DF37C-3683-42F2-859B-8ADF4FB5E35E}.Release|Any CPU.Build.0 = Release|Any CPU
		{6F0C6F14-E5B7-4C18-8828-B77C936187BB}.Debug|Any CPU.ActiveCfg = Debug|Any CPU
		{6F0C6F14-E5B7-4C18-8828-B77C936187BB}.Debug|Any CPU.Build.0 = Debug|Any CPU
		{6F0C6F14-E5B7-4C18-8828-B77C936187BB}.Release|Any CPU.ActiveCfg = Release|Any CPU
		{6F0C6F14-E5B7-4C18-8828-B77C936187BB}.Release|Any CPU.Build.0 = Release|Any CPU
	EndGlobalSection
	GlobalSection(SolutionProperties) = preSolution
		HideSolutionNode = FALSE
	EndGlobalSection
	GlobalSection(ExtensibilityGlobals) = postSolution
		SolutionGuid = {CBF40DCC-DFF0-4115-9D7B-135109D24783}
	EndGlobalSection
EndGlobal
